
Microsoft Visual Studio Solution File, Format Version 12.00
# Visual Studio Version 16
VisualStudioVersion = 16.0.28803.352
MinimumVisualStudioVersion = 10.0.40219.1
Project("{FAE04EC0-301F-11D3-BF4B-00C04F79EFBC}") = "wpf3", "wpf3\wpf3.csproj", "{EE77CA28-53A4-4D76-9098-FE22D138DDD2}"
EndProject
Global
	GlobalSection(SolutionConfigurationPlatforms) = preSolution
		Debug|Any CPU = Debug|Any CPU
		Release|Any CPU = Release|Any CPU
	EndGlobalSection
	GlobalSection(ProjectConfigurationPlatforms) = postSolution
		{EE77CA28-53A4-4D76-9098-FE22D138DDD2}.Debug|Any CPU.ActiveCfg = Debug|Any CPU
		{EE77CA28-53A4-4D76-9098-FE22D138DDD2}.Debug|Any CPU.Build.0 = Debug|Any CPU
		{EE77CA28-53A4-4D76-9098-FE22D138DDD2}.Release|Any CPU.ActiveCfg = Release|Any CPU
		{EE77CA28-53A4-4D76-9098-FE22D138DDD2}.Release|Any CPU.Build.0 = Release|Any CPU
	EndGlobalSection
	GlobalSection(SolutionProperties) = preSolution
		HideSolutionNode = FALSE
	EndGlobalSection
	GlobalSection(ExtensibilityGlobals) = postSolution
		SolutionGuid = {DF3CB15B-46AA-4E1C-B7EA-659751187D2D}
	EndGlobalSection
EndGlobal
